
Microsoft Visual Studio Solution File, Format Version 12.00
# Visual Studio Version 17
VisualStudioVersion = 17.5.002.0
MinimumVisualStudioVersion = 10.0.40219.1
Project("{9A19103F-16F7-4668-BE54-9A1E7A4F7556}") = "day1", "day1\day1.csproj", "{6C70FA5D-F893-4E28-9C8A-6F6F22EA7783}"
EndProject
Global
	GlobalSection(SolutionConfigurationPlatforms) = preSolution
		Debug|Any CPU = Debug|Any CPU
		Release|Any CPU = Release|Any CPU
	EndGlobalSection
	GlobalSection(ProjectConfigurationPlatforms) = postSolution
		{6C70FA5D-F893-4E28-9C8A-6F6F22EA7783}.Debug|Any CPU.ActiveCfg = Debug|Any CPU
		{6C70FA5D-F893-4E28-9C8A-6F6F22EA7783}.Debug|Any CPU.Build.0 = Debug|Any CPU
		{6C70FA5D-F893-4E28-9C8A-6F6F22EA7783}.Release|Any CPU.ActiveCfg = Release|Any CPU
		{6C70FA5D-F893-4E28-9C8A-6F6F22EA7783}.Release|Any CPU.Build.0 = Release|Any CPU
	EndGlobalSection
	GlobalSection(SolutionProperties) = preSolution
		HideSolutionNode = FALSE
	EndGlobalSection
	GlobalSection(ExtensibilityGlobals) = postSolution
		SolutionGuid = {170978F8-38CB-407B-BA19-B8705F10682A}
	EndGlobalSection
EndGlobal
