
Microsoft Visual Studio Solution File, Format Version 12.00
# Visual Studio Version 17
VisualStudioVersion = 17.5.002.0
MinimumVisualStudioVersion = 10.0.40219.1
Project("{9A19103F-16F7-4668-BE54-9A1E7A4F7556}") = "day8", "day8.csproj", "{BECA03B2-093C-4D5D-91D3-B999533309FC}"
EndProject
Global
	GlobalSection(SolutionConfigurationPlatforms) = preSolution
		Debug|Any CPU = Debug|Any CPU
		Release|Any CPU = Release|Any CPU
	EndGlobalSection
	GlobalSection(ProjectConfigurationPlatforms) = postSolution
		{BECA03B2-093C-4D5D-91D3-B999533309FC}.Debug|Any CPU.ActiveCfg = Debug|Any CPU
		{BECA03B2-093C-4D5D-91D3-B999533309FC}.Debug|Any CPU.Build.0 = Debug|Any CPU
		{BECA03B2-093C-4D5D-91D3-B999533309FC}.Release|Any CPU.ActiveCfg = Release|Any CPU
		{BECA03B2-093C-4D5D-91D3-B999533309FC}.Release|Any CPU.Build.0 = Release|Any CPU
	EndGlobalSection
	GlobalSection(SolutionProperties) = preSolution
		HideSolutionNode = FALSE
	EndGlobalSection
	GlobalSection(ExtensibilityGlobals) = postSolution
		SolutionGuid = {5368A065-46C9-4FF8-8A73-6C7D53894C9A}
	EndGlobalSection
EndGlobal
